lockfileVersion: '9.0'

settings:
  autoInstallPeers: true
  excludeLinksFromLockfile: false

importers:

  .:
    dependencies:
      hono:
        specifier: ^4.12.16
        version: 4.12.16
    devDependencies:
      '@hono/node-server':
        specifier: ^2.0.1
        version: 2.0.1(hono@4.12.16)
      jsr:
        specifier: ^0.14.3
        version: 0.14.3
      openai:
        specifier: ^6.35.0
        version: 6.35.0
      typescript:
        specifier: ^6.0.3
        version: 6.0.3

packages:

  '@hono/node-server@2.0.1':
    resolution: {integrity: sha512-jI9yMDyFpqBeSighf/zlXnQG/nl9AyBc6aAgy4XtxJMyt/CNyJpvPfzDD+bCc2zAOmhhqtF6TnmIaY+xV4mIrw==}
    engines: {node: '>=20'}
    peerDependencies:
      hono: ^4

  hono@4.12.16:
    resolution: {integrity: sha512-jN0ZewiNAWSe5khM3EyCmBb250+b40wWbwNILNfEvq84VREWwOIkuUsFONk/3i3nqkz7Oe1PcpM2mwQEK2L9Kg==}
    engines: {node: '>=16.9.0'}

  jsr@0.14.3:
    resolution: {integrity: sha512-PGxnDepx7vwJoZQe2SHbyBiFfpGwsOKmX4kn/wZZqfMafV7fjXqTxSaX6lp9QHYkSTLKkER+P/wmrZY3gVJNzg==}
    hasBin: true

  node-stream-zip@1.15.0:
    resolution: {integrity: sha512-LN4fydt9TqhZhThkZIVQnF9cwjU3qmUH9h78Mx/K7d3VvfRqqwthLwJEUOEL0QPZ0XQmNN7be5Ggit5+4dq3Bw==}
    engines: {node: '>=0.12.0'}

  openai@6.35.0:
    resolution: {integrity: sha512-L/skwIGnt5xQZHb0UfTu9uAUKbis3ehKypOuJKi20QvG7UStV6C8IC3myGYHcdiF4kms/bAvOJ9UqqNWqi8x/Q==}
    hasBin: true
    peerDependencies:
      ws: ^8.18.0
      zod: ^3.25 || ^4.0
    peerDependenciesMeta:
      ws:
        optional: true
      zod:
        optional: true

  semiver@1.1.0:
    resolution: {integrity: sha512-QNI2ChmuioGC1/xjyYwyZYADILWyW6AmS1UH6gDj/SFUUUS4MBAWs/7mxnkRPc/F4iHezDP+O8t0dO8WHiEOdg==}
    engines: {node: '>=6'}

  typescript@6.0.3:
    resolution: {integrity: sha512-y2TvuxSZPDyQakkFRPZHKFm+KKVqIisdg9/CZwm9ftvKXLP8NRWj38/ODjNbr43SsoXqNuAisEf1GdCxqWcdBw==}
    engines: {node: '>=14.17'}
    hasBin: true

snapshots:

  '@hono/node-server@2.0.1(hono@4.12.16)':
    dependencies:
      hono: 4.12.16

  hono@4.12.16: {}

  jsr@0.14.3:
    dependencies:
      node-stream-zip: 1.15.0
      semiver: 1.1.0

  node-stream-zip@1.15.0: {}

  openai@6.35.0: {}

  semiver@1.1.0: {}

  typescript@6.0.3: {}
